<Solution>
  <Folder Name="/src/">
    <Project Path="src/ReactorUnpack.Cli/ReactorUnpack.Cli.csproj" />
    <Project Path="src/ReactorUnpack.Core/ReactorUnpack.Core.csproj" />
  </Folder>
  <Folder Name="/tests/">
    <Project Path="tests/ReactorUnpack.Tests/ReactorUnpack.Tests.csproj" />
  </Folder>
</Solution>
